// !$*UTF8*$!
{
	archiveVersion = 1;
	classes = {
	};
	objectVersion = 55;
	objects = {

/* Begin PBXBuildFile section */
		DE2098BB279B87EA000272B9 /* AppDelegate.swift in Sources */ = {isa = PBXBuildFile; fileRef = DE2098BA279B87EA000272B9 /* AppDelegate.swift */; };
		DE2098BD279B87EA000272B9 /* SceneDelegate.swift in Sources */ = {isa = PBXBuildFile; fileRef = DE2098BC279B87EA000272B9 /* SceneDelegate.swift */; };
		DE2098BF279B87EA000272B9 /* ViewController.swift in Sources */ = {isa = PBXBuildFile; fileRef = DE2098BE279B87EA000272B9 /* ViewController.swift */; };
		DE2098C2279B87EA000272B9 /* Main.storyboard in Resources */ = {isa = PBXBuildFile; fileRef = DE2098C0279B87EA000272B9 /* Main.storyboard */; };
		DE2098C4279B87ED000272B9 /* Assets.xcassets in Resources */ = {isa = PBXBuildFile; fileRef = DE2098C3279B87ED000272B9 /* Assets.xcassets */; };
		DE2098C7279B87ED000272B9 /* LaunchScreen.storyboard in Resources */ = {isa = PBXBuildFile; fileRef = DE2098C5279B87ED000272B9 /* LaunchScreen.storyboard */; };
		DE2098D2279B87EE000272B9 /* OpenConferenceStyleExampleTests.swift in Sources */ = {isa = PBXBuildFile; fileRef = DE2098D1279B87EE000272B9 /* OpenConferenceStyleExampleTests.swift */; };
		DE2098DC279B87EE000272B9 /* OpenConferenceStyleExampleUITests.swift in Sources */ = {isa = PBXBuildFile; fileRef = DE2098DB279B87EE000272B9 /* OpenConferenceStyleExampleUITests.swift */; };
		DE2098DE279B87EE000272B9 /* OpenConferenceStyleExampleUITestsLaunchTests.swift in Sources */ = {isa = PBXBuildFile; fileRef = DE2098DD279B87EE000272B9 /* OpenConferenceStyleExampleUITestsLaunchTests.swift */; };
/* End PBXBuildFile section */

/* Begin PBXContainerItemProxy section */
		DE2098CE279B87EE000272B9 /* PBXContainerItemProxy */ = {
			isa = PBXContainerItemProxy;
			containerPortal = DE2098AF279B87EA000272B9 /* Project object */;
			proxyType = 1;
			remoteGlobalIDString = DE2098B6279B87EA000272B9;
			remoteInfo = OpenConferenceStyleExample;
		};
		DE2098D8279B87EE000272B9 /* PBXContainerItemProxy */ = {
			isa = PBXContainerItemProxy;
			containerPortal = DE2098AF279B87EA000272B9 /* Project object */;
			proxyType = 1;
			remoteGlobalIDString = DE2098B6279B87EA000272B9;
			remoteInfo = OpenConferenceStyleExample;
		};
/* End PBXContainerItemProxy section */

/* Begin PBXFileReference section */
		DE2098B7279B87EA000272B9 /* OpenConferenceStyleExample.app */ = {isa = PBXFileReference; explicitFileType = wrapper.application; includeInIndex = 0; path = OpenConferenceStyleExample.app; sourceTree = BUILT_PRODUCTS_DIR; };
		DE2098BA279B87EA000272B9 /* AppDelegate.swift */ = {isa = PBXFileReference; lastKnownFileType = sourcecode.swift; path = AppDelegate.swift; sourceTree = "<group>"; };
		DE2098BC279B87EA000272B9 /* SceneDelegate.swift */ = {isa = PBXFileReference; lastKnownFileType = sourcecode.swift; path = SceneDelegate.swift; sourceTree = "<group>"; };
		DE2098BE279B87EA000272B9 /* ViewController.swift */ = {isa = PBXFileReference; lastKnownFileType = sourcecode.swift; path = ViewController.swift; sourceTree = "<group>"; };
		DE2098C1279B87EA000272B9 /* Base */ = {isa = PBXFileReference; lastKnownFileType = file.storyboard; name = Base; path = Base.lproj/Main.storyboard; sourceTree = "<group>"; };
		DE2098C3279B87ED000272B9 /* Assets.xcassets */ = {isa = PBXFileReference; lastKnownFileType = folder.assetcatalog; path = Assets.xcassets; sourceTree = "<group>"; };
		DE2098C6279B87ED000272B9 /* Base */ = {isa = PBXFileReference; lastKnownFileType = file.storyboard; name = Base; path = Base.lproj/LaunchScreen.storyboard; sourceTree = "<group>"; };
		DE2098C8279B87ED000272B9 /* Info.plist */ = {isa = PBXFileReference; lastKnownFileType = text.plist.xml; path = Info.plist; sourceTree = "<group>"; };
		DE2098CD279B87EE000272B9 /* OpenConferenceStyleExampleTests.xctest */ = {isa = PBXFileReference; explicitFileType = wrapper.cfbundle; includeInIndex = 0; path = OpenConferenceStyleExampleTests.xctest; sourceTree = BUILT_PRODUCTS_DIR; };
		DE2098D1279B87EE000272B9 /* OpenConferenceStyleExampleTests.swift */ = {isa = PBXFileReference; lastKnownFileType = sourcecode.swift; path = OpenConferenceStyleExampleTests.swift; sourceTree = "<group>"; };
		DE2098D7279B87EE000272B9 /* OpenConferenceStyleExampleUITests.xctest */ = {isa = PBXFileReference; explicitFileType = wrapper.cfbundle; includeInIndex = 0; path = OpenConferenceStyleExampleUITests.xctest; sourceTree = BUILT_PRODUCTS_DIR; };
		DE2098DB279B87EE000272B9 /* OpenConferenceStyleExampleUITests.swift */ = {isa = PBXFileReference; lastKnownFileType = sourcecode.swift; path = OpenConferenceStyleExampleUITests.swift; sourceTree = "<group>"; };
		DE2098DD279B87EE000272B9 /* OpenConferenceStyleExampleUITestsLaunchTests.swift */ = {isa = PBXFileReference; lastKnownFileType = sourcecode.swift; path = OpenConferenceStyleExampleUITestsLaunchTests.swift; sourceTree = "<group>"; };
/* End PBXFileReference section */

/* Begin PBXFrameworksBuildPhase section */
		DE2098B4279B87EA000272B9 /* Frameworks */ = {
			isa = PBXFrameworksBuildPhase;
			buildActionMask = 2147483647;
			files = (
			);
			runOnlyForDeploymentPostprocessing = 0;
		};
		DE2098CA279B87EE000272B9 /* Frameworks */ = {
			isa = PBXFrameworksBuildPhase;
			buildActionMask = 2147483647;
			files = (
			);
			runOnlyForDeploymentPostprocessing = 0;
		};
		DE2098D4279B87EE000272B9 /* Frameworks */ = {
			isa = PBXFrameworksBuildPhase;
			buildActionMask = 2147483647;
			files = (
			);
			runOnlyForDeploymentPostprocessing = 0;
		};
/* End PBXFrameworksBuildPhase section */

/* Begin PBXGroup section */
		DE2098AE279B87EA000272B9 = {
			isa = PBXGroup;
			children = (
				DE2098B9279B87EA000272B9 /* OpenConferenceStyleExample */,
				DE2098D0279B87EE000272B9 /* OpenConferenceStyleExampleTests */,
				DE2098DA279B87EE000272B9 /* OpenConferenceStyleExampleUITests */,
				DE2098B8279B87EA000272B9 /* Products */,
			);
			sourceTree = "<group>";
		};
		DE2098B8279B87EA000272B9 /* Products */ = {
			isa = PBXGroup;
			children = (
				DE2098B7279B87EA000272B9 /* OpenConferenceStyleExample.app */,
				DE2098CD279B87EE000272B9 /* OpenConferenceStyleExampleTests.xctest */,
				DE2098D7279B87EE000272B9 /* OpenConferenceStyleExampleUITests.xctest */,
			);
			name = Products;
			sourceTree = "<group>";
		};
		DE2098B9279B87EA000272B9 /* OpenConferenceStyleExample */ = {
			isa = PBXGroup;
			children = (
				DE2098BA279B87EA000272B9 /* AppDelegate.swift */,
				DE2098BC279B87EA000272B9 /* SceneDelegate.swift */,
				DE2098BE279B87EA000272B9 /* ViewController.swift */,
				DE2098C0279B87EA000272B9 /* Main.storyboard */,
				DE2098C3279B87ED000272B9 /* Assets.xcassets */,
				DE2098C5279B87ED000272B9 /* LaunchScreen.storyboard */,
				DE2098C8279B87ED000272B9 /* Info.plist */,
			);
			path = OpenConferenceStyleExample;
			sourceTree = "<group>";
		};
		DE2098D0279B87EE000272B9 /* OpenConferenceStyleExampleTests */ = {
			isa = PBXGroup;
			children = (
				DE2098D1279B87EE000272B9 /* OpenConferenceStyleExampleTests.swift */,
			);
			path = OpenConferenceStyleExampleTests;
			sourceTree = "<group>";
		};
		DE2098DA279B87EE000272B9 /* OpenConferenceStyleExampleUITests */ = {
			isa = PBXGroup;
			children = (
				DE2098DB279B87EE000272B9 /* OpenConferenceStyleExampleUITests.swift */,
				DE2098DD279B87EE000272B9 /* OpenConferenceStyleExampleUITestsLaunchTests.swift */,
			);
			path = OpenConferenceStyleExampleUITests;
			sourceTree = "<group>";
		};
/* End PBXGroup section */

/* Begin PBXNativeTarget section */
		DE2098B6279B87EA000272B9 /* OpenConferenceStyleExample */ = {
			isa = PBXNativeTarget;
			buildConfigurationList = DE2098E1279B87EE000272B9 /* Build configuration list for PBXNativeTarget "OpenConferenceStyleExample" */;
			buildPhases = (
				DE2098B3279B87EA000272B9 /* Sources */,
				DE2098B4279B87EA000272B9 /* Frameworks */,
				DE2098B5279B87EA000272B9 /* Resources */,
			);
			buildRules = (
			);
			dependencies = (
			);
			name = OpenConferenceStyleExample;
			productName = OpenConferenceStyleExample;
			productReference = DE2098B7279B87EA000272B9 /* OpenConferenceStyleExample.app */;
			productType = "com.apple.product-type.application";
		};
		DE2098CC279B87EE000272B9 /* OpenConferenceStyleExampleTests */ = {
			isa = PBXNativeTarget;
			buildConfigurationList = DE2098E4279B87EE000272B9 /* Build configuration list for PBXNativeTarget "OpenConferenceStyleExampleTests" */;
			buildPhases = (
				DE2098C9279B87EE000272B9 /* Sources */,
				DE2098CA279B87EE000272B9 /* Frameworks */,
				DE2098CB279B87EE000272B9 /* Resources */,
			);
			buildRules = (
			);
			dependencies = (
				DE2098CF279B87EE000272B9 /* PBXTargetDependency */,
			);
			name = OpenConferenceStyleExampleTests;
			productName = OpenConferenceStyleExampleTests;
			productReference = DE2098CD279B87EE000272B9 /* OpenConferenceStyleExampleTests.xctest */;
			productType = "com.apple.product-type.bundle.unit-test";
		};
		DE2098D6279B87EE000272B9 /* OpenConferenceStyleExampleUITests */ = {
			isa = PBXNativeTarget;
			buildConfigurationList = DE2098E7279B87EE000272B9 /* Build configuration list for PBXNativeTarget "OpenConferenceStyleExampleUITests" */;
			buildPhases = (
				DE2098D3279B87EE000272B9 /* Sources */,
				DE2098D4279B87EE000272B9 /* Frameworks */,
				DE2098D5279B87EE000272B9 /* Resources */,
			);
			buildRules = (
			);
			dependencies = (
				DE2098D9279B87EE000272B9 /* PBXTargetDependency */,
			);
			name = OpenConferenceStyleExampleUITests;
			productName = OpenConferenceStyleExampleUITests;
			productReference = DE2098D7279B87EE000272B9 /* OpenConferenceStyleExampleUITests.xctest */;
			productType = "com.apple.product-type.bundle.ui-testing";
		};
/* End PBXNativeTarget section */

/* Begin PBXProject section */
		DE2098AF279B87EA000272B9 /* Project object */ = {
			isa = PBXProject;
			attributes = {
				BuildIndependentTargetsInParallel = 1;
				LastSwiftUpdateCheck = 1320;
				LastUpgradeCheck = 1320;
				TargetAttributes = {
					DE2098B6279B87EA000272B9 = {
						CreatedOnToolsVersion = 13.2.1;
					};
					DE2098CC279B87EE000272B9 = {
						CreatedOnToolsVersion = 13.2.1;
						TestTargetID = DE2098B6279B87EA000272B9;
					};
					DE2098D6279B87EE000272B9 = {
						CreatedOnToolsVersion = 13.2.1;
						TestTargetID = DE2098B6279B87EA000272B9;
					};
				};
			};
			buildConfigurationList = DE2098B2279B87EA000272B9 /* Build configuration list for PBXProject "OpenConferenceStyleExample" */;
			compatibilityVersion = "Xcode 13.0";
			developmentRegion = en;
			hasScannedForEncodings = 0;
			knownRegions = (
				en,
				Base,
			);
			mainGroup = DE2098AE279B87EA000272B9;
			productRefGroup = DE2098B8279B87EA000272B9 /* Products */;
			projectDirPath = "";
			projectRoot = "";
			targets = (
				DE2098B6279B87EA000272B9 /* OpenConferenceStyleExample */,
				DE2098CC279B87EE000272B9 /* OpenConferenceStyleExampleTests */,
				DE2098D6279B87EE000272B9 /* OpenConferenceStyleExampleUITests */,
			);
		};
/* End PBXProject section */

/* Begin PBXResourcesBuildPhase section */
		DE2098B5279B87EA000272B9 /* Resources */ = {
			isa = PBXResourcesBuildPhase;
			buildActionMask = 2147483647;
			files = (
				DE2098C7279B87ED000272B9 /* LaunchScreen.storyboard in Resources */,
				DE2098C4279B87ED000272B9 /* Assets.xcassets in Resources */,
				DE2098C2279B87EA000272B9 /* Main.storyboard in Resources */,
			);
			runOnlyForDeploymentPostprocessing = 0;
		};
		DE2098CB279B87EE000272B9 /* Resources */ = {
			isa = PBXResourcesBuildPhase;
			buildActionMask = 2147483647;
			files = (
			);
			runOnlyForDeploymentPostprocessing = 0;
		};
		DE2098D5279B87EE000272B9 /* Resources */ = {
			isa = PBXResourcesBuildPhase;
			buildActionMask = 2147483647;
			files = (
			);
			runOnlyForDeploymentPostprocessing = 0;
		};
/* End PBXResourcesBuildPhase section */

/* Begin PBXSourcesBuildPhase section */
		DE2098B3279B87EA000272B9 /* Sources */ = {
			isa = PBXSourcesBuildPhase;
			buildActionMask = 2147483647;
			files = (
				DE2098BF279B87EA000272B9 /* ViewController.swift in Sources */,
				DE2098BB279B87EA000272B9 /* AppDelegate.swift in Sources */,
				DE2098BD279B87EA000272B9 /* SceneDelegate.swift in Sources */,
			);
			runOnlyForDeploymentPostprocessing = 0;
		};
		DE2098C9279B87EE000272B9 /* Sources */ = {
			isa = PBXSourcesBuildPhase;
			buildActionMask = 2147483647;
			files = (
				DE2098D2279B87EE000272B9 /* OpenConferenceStyleExampleTests.swift in Sources */,
			);
			runOnlyForDeploymentPostprocessing = 0;
		};
		DE2098D3279B87EE000272B9 /* Sources */ = {
			isa = PBXSourcesBuildPhase;
			buildActionMask = 2147483647;
			files = (
				DE2098DC279B87EE000272B9 /* OpenConferenceStyleExampleUITests.swift in Sources */,
				DE2098DE279B87EE000272B9 /* OpenConferenceStyleExampleUITestsLaunchTests.swift in Sources */,
			);
			runOnlyForDeploymentPostprocessing = 0;
		};
/* End PBXSourcesBuildPhase section */

/* Begin PBXTargetDependency section */
		DE2098CF279B87EE000272B9 /* PBXTargetDependency */ = {
			isa = PBXTargetDependency;
			target = DE2098B6279B87EA000272B9 /* OpenConferenceStyleExample */;
			targetProxy = DE2098CE279B87EE000272B9 /* PBXContainerItemProxy */;
		};
		DE2098D9279B87EE000272B9 /* PBXTargetDependency */ = {
			isa = PBXTargetDependency;
			target = DE2098B6279B87EA000272B9 /* OpenConferenceStyleExample */;
			targetProxy = DE2098D8279B87EE000272B9 /* PBXContainerItemProxy */;
		};
/* End PBXTargetDependency section */

/* Begin PBXVariantGroup section */
		DE2098C0279B87EA000272B9 /* Main.storyboard */ = {
			isa = PBXVariantGroup;
			children = (
				DE2098C1279B87EA000272B9 /* Base */,
			);
			name = Main.storyboard;
			sourceTree = "<group>";
		};
		DE2098C5279B87ED000272B9 /* LaunchScreen.storyboard */ = {
			isa = PBXVariantGroup;
			children = (
				DE2098C6279B87ED000272B9 /* Base */,
			);
			name = LaunchScreen.storyboard;
			sourceTree = "<group>";
		};
/* End PBXVariantGroup section */

/* Begin XCBuildConfiguration section */
		DE2098DF279B87EE000272B9 /* Debug */ = {
			isa = XCBuildConfiguration;
			buildSettings = {
				ALWAYS_SEARCH_USER_PATHS = NO;
				CLANG_ANALYZER_NONNULL = YES;
				CLANG_ANALYZER_NUMBER_OBJECT_CONVERSION = YES_AGGRESSIVE;
				CLANG_CXX_LANGUAGE_STANDARD = "gnu++17";
				CLANG_CXX_LIBRARY = "libc++";
				CLANG_ENABLE_MODULES = YES;
				CLANG_ENABLE_OBJC_ARC = YES;
				CLANG_ENABLE_OBJC_WEAK = YES;
				CLANG_WARN_BLOCK_CAPTURE_AUTORELEASING = YES;
				CLANG_WARN_BOOL_CONVERSION = YES;
				CLANG_WARN_COMMA = YES;
				CLANG_WARN_CONSTANT_CONVERSION = YES;
				CLANG_WARN_DEPRECATED_OBJC_IMPLEMENTATIONS = YES;
				CLANG_WARN_DIRECT_OBJC_ISA_USAGE = YES_ERROR;
				CLANG_WARN_DOCUMENTATION_COMMENTS = YES;
				CLANG_WARN_EMPTY_BODY = YES;
				CLANG_WARN_ENUM_CONVERSION = YES;
				CLANG_WARN_INFINITE_RECURSION = YES;
				CLANG_WARN_INT_CONVERSION = YES;
				CLANG_WARN_NON_LITERAL_NULL_CONVERSION = YES;
				CLANG_WARN_OBJC_IMPLICIT_RETAIN_SELF = YES;
				CLANG_WARN_OBJC_LITERAL_CONVERSION = YES;
				CLANG_WARN_OBJC_ROOT_CLASS = YES_ERROR;
				CLANG_WARN_QUOTED_INCLUDE_IN_FRAMEWORK_HEADER = YES;
				CLANG_WARN_RANGE_LOOP_ANALYSIS = YES;
				CLANG_WARN_STRICT_PROTOTYPES = YES;
				CLANG_WARN_SUSPICIOUS_MOVE = YES;
				CLANG_WARN_UNGUARDED_AVAILABILITY = YES_AGGRESSIVE;
				CLANG_WARN_UNREACHABLE_CODE = YES;
				CLANG_WARN__DUPLICATE_METHOD_MATCH = YES;
				COPY_PHASE_STRIP = NO;
				DEBUG_INFORMATION_FORMAT = dwarf;
				ENABLE_STRICT_OBJC_MSGSEND = YES;
				ENABLE_TESTABILITY = YES;
				GCC_C_LANGUAGE_STANDARD = gnu11;
				GCC_DYNAMIC_NO_PIC = NO;
				GCC_NO_COMMON_BLOCKS = YES;
				GCC_OPTIMIZATION_LEVEL = 0;
				GCC_PREPROCESSOR_DEFINITIONS = (
					"DEBUG=1",
					"$(inherited)",
				);
				GCC_WARN_64_TO_32_BIT_CONVERSION = YES;
				GCC_WARN_ABOUT_RETURN_TYPE = YES_ERROR;
				GCC_WARN_UNDECLARED_SELECTOR = YES;
				GCC_WARN_UNINITIALIZED_AUTOS = YES_AGGRESSIVE;
				GCC_WARN_UNUSED_FUNCTION = YES;
				GCC_WARN_UNUSED_VARIABLE = YES;
				IPHONEOS_DEPLOYMENT_TARGET = 15.2;
				MTL_ENABLE_DEBUG_INFO = INCLUDE_SOURCE;
				MTL_FAST_MATH = YES;
				ONLY_ACTIVE_ARCH = YES;
				SDKROOT = iphoneos;
				SWIFT_ACTIVE_COMPILATION_CONDITIONS = DEBUG;
				SWIFT_OPTIMIZATION_LEVEL = "-Onone";
			};
			name = Debug;
		};
		DE2098E0279B87EE000272B9 /* Release */ = {
			isa = XCBuildConfiguration;
			buildSettings = {
				ALWAYS_SEARCH_USER_PATHS = NO;
				CLANG_ANALYZER_NONNULL = YES;
				CLANG_ANALYZER_NUMBER_OBJECT_CONVERSION = YES_AGGRESSIVE;
				CLANG_CXX_LANGUAGE_STANDARD = "gnu++17";
				CLANG_CXX_LIBRARY = "libc++";
				CLANG_ENABLE_MODULES = YES;
				CLANG_ENABLE_OBJC_ARC = YES;
				CLANG_ENABLE_OBJC_WEAK = YES;
				CLANG_WARN_BLOCK_CAPTURE_AUTORELEASING = YES;
				CLANG_WARN_BOOL_CONVERSION = YES;
				CLANG_WARN_COMMA = YES;
				CLANG_WARN_CONSTANT_CONVERSION = YES;
				CLANG_WARN_DEPRECATED_OBJC_IMPLEMENTATIONS = YES;
				CLANG_WARN_DIRECT_OBJC_ISA_USAGE = YES_ERROR;
				CLANG_WARN_DOCUMENTATION_COMMENTS = YES;
				CLANG_WARN_EMPTY_BODY = YES;
				CLANG_WARN_ENUM_CONVERSION = YES;
				CLANG_WARN_INFINITE_RECURSION = YES;
				CLANG_WARN_INT_CONVERSION = YES;
				CLANG_WARN_NON_LITERAL_NULL_CONVERSION = YES;
				CLANG_WARN_OBJC_IMPLICIT_RETAIN_SELF = YES;
				CLANG_WARN_OBJC_LITERAL_CONVERSION = YES;
				CLANG_WARN_OBJC_ROOT_CLASS = YES_ERROR;
				CLANG_WARN_QUOTED_INCLUDE_IN_FRAMEWORK_HEADER = YES;
				CLANG_WARN_RANGE_LOOP_ANALYSIS = YES;
				CLANG_WARN_STRICT_PROTOTYPES = YES;
				CLANG_WARN_SUSPICIOUS_MOVE = YES;
				CLANG_WARN_UNGUARDED_AVAILABILITY = YES_AGGRESSIVE;
				CLANG_WARN_UNREACHABLE_CODE = YES;
				CLANG_WARN__DUPLICATE_METHOD_MATCH = YES;
				COPY_PHASE_STRIP = NO;
				DEBUG_INFORMATION_FORMAT = "dwarf-with-dsym";
				ENABLE_NS_ASSERTIONS = NO;
				ENABLE_STRICT_OBJC_MSGSEND = YES;
				GCC_C_LANGUAGE_STANDARD = gnu11;
				GCC_NO_COMMON_BLOCKS = YES;
				GCC_WARN_64_TO_32_BIT_CONVERSION = YES;
				GCC_WARN_ABOUT_RETURN_TYPE = YES_ERROR;
				GCC_WARN_UNDECLARED_SELECTOR = YES;
				GCC_WARN_UNINITIALIZED_AUTOS = YES_AGGRESSIVE;
				GCC_WARN_UNUSED_FUNCTION = YES;
				GCC_WARN_UNUSED_VARIABLE = YES;
				IPHONEOS_DEPLOYMENT_TARGET = 15.2;
				MTL_ENABLE_DEBUG_INFO = NO;
				MTL_FAST_MATH = YES;
				SDKROOT = iphoneos;
				SWIFT_COMPILATION_MODE = wholemodule;
				SWIFT_OPTIMIZATION_LEVEL = "-O";
				VALIDATE_PRODUCT = YES;
			};
			name = Release;
		};
		DE2098E2279B87EE000272B9 /* Debug */ = {
			isa = XCBuildConfiguration;
			buildSettings = {
				ASSETCATALOG_COMPILER_APPICON_NAME = AppIcon;
				ASSETCATALOG_COMPILER_GLOBAL_ACCENT_COLOR_NAME = AccentColor;
				CODE_SIGN_STYLE = Automatic;
				CURRENT_PROJECT_VERSION = 1;
				DEVELOPMENT_TEAM = S5BF5553KY;
				GENERATE_INFOPLIST_FILE = YES;
				INFOPLIST_FILE = OpenConferenceStyleExample/Info.plist;
				INFOPLIST_KEY_UIApplicationSupportsIndirectInputEvents = YES;
				INFOPLIST_KEY_UILaunchStoryboardName = LaunchScreen;
				INFOPLIST_KEY_UIMainStoryboardFile = Main;
				INFOPLIST_KEY_UISupportedInterfaceOrientations_iPad = "UIInterfaceOrientationPortrait UIInterfaceOrientationPortraitUpsideDown UIInterfaceOrientationLandscapeLeft UIInterfaceOrientationLandscapeRight";
				INFOPLIST_KEY_UISupportedInterfaceOrientations_iPhone = "UIInterfaceOrientationPortrait UIInterfaceOrientationLandscapeLeft UIInterfaceOrientationLandscapeRight";
				LD_RUNPATH_SEARCH_PATHS = (
					"$(inherited)",
					"@executable_path/Frameworks",
				);
				MARKETING_VERSION = 1.0;
				PRODUCT_BUNDLE_IDENTIFIER = com.just1factory.OpenConferenceStyleExample;
				PRODUCT_NAME = "$(TARGET_NAME)";
				SWIFT_EMIT_LOC_STRINGS = YES;
				SWIFT_VERSION = 5.0;
				TARGETED_DEVICE_FAMILY = "1,2";
			};
			name = Debug;
		};
		DE2098E3279B87EE000272B9 /* Release */ = {
			isa = XCBuildConfiguration;
			buildSettings = {
				ASSETCATALOG_COMPILER_APPICON_NAME = AppIcon;
				ASSETCATALOG_COMPILER_GLOBAL_ACCENT_COLOR_NAME = AccentColor;
				CODE_SIGN_STYLE = Automatic;
				CURRENT_PROJECT_VERSION = 1;
				DEVELOPMENT_TEAM = S5BF5553KY;
				GENERATE_INFOPLIST_FILE = YES;
				INFOPLIST_FILE = OpenConferenceStyleExample/Info.plist;
				INFOPLIST_KEY_UIApplicationSupportsIndirectInputEvents = YES;
				INFOPLIST_KEY_UILaunchStoryboardName = LaunchScreen;
				INFOPLIST_KEY_UIMainStoryboardFile = Main;
				INFOPLIST_KEY_UISupportedInterfaceOrientations_iPad = "UIInterfaceOrientationPortrait UIInterfaceOrientationPortraitUpsideDown UIInterfaceOrientationLandscapeLeft UIInterfaceOrientationLandscapeRight";
				INFOPLIST_KEY_UISupportedInterfaceOrientations_iPhone = "UIInterfaceOrientationPortrait UIInterfaceOrientationLandscapeLeft UIInterfaceOrientationLandscapeRight";
				LD_RUNPATH_SEARCH_PATHS = (
					"$(inherited)",
					"@executable_path/Frameworks",
				);
				MARKETING_VERSION = 1.0;
				PRODUCT_BUNDLE_IDENTIFIER = com.just1factory.OpenConferenceStyleExample;
				PRODUCT_NAME = "$(TARGET_NAME)";
				SWIFT_EMIT_LOC_STRINGS = YES;
				SWIFT_VERSION = 5.0;
				TARGETED_DEVICE_FAMILY = "1,2";
			};
			name = Release;
		};
		DE2098E5279B87EE000272B9 /* Debug */ = {
			isa = XCBuildConfiguration;
			buildSettings = {
				ALWAYS_EMBED_SWIFT_STANDARD_LIBRARIES = YES;
				BUNDLE_LOADER = "$(TEST_HOST)";
				CODE_SIGN_STYLE = Automatic;
				CURRENT_PROJECT_VERSION = 1;
				DEVELOPMENT_TEAM = S5BF5553KY;
				GENERATE_INFOPLIST_FILE = YES;
				IPHONEOS_DEPLOYMENT_TARGET = 15.2;
				MARKETING_VERSION = 1.0;
				PRODUCT_BUNDLE_IDENTIFIER = com.just1factory.OpenConferenceStyleExampleTests;
				PRODUCT_NAME = "$(TARGET_NAME)";
				SWIFT_EMIT_LOC_STRINGS = NO;
				SWIFT_VERSION = 5.0;
				TARGETED_DEVICE_FAMILY = "1,2";
				TEST_HOST = "$(BUILT_PRODUCTS_DIR)/OpenConferenceStyleExample.app/OpenConferenceStyleExample";
			};
			name = Debug;
		};
		DE2098E6279B87EE000272B9 /* Release */ = {
			isa = XCBuildConfiguration;
			buildSettings = {
				ALWAYS_EMBED_SWIFT_STANDARD_LIBRARIES = YES;
				BUNDLE_LOADER = "$(TEST_HOST)";
				CODE_SIGN_STYLE = Automatic;
				CURRENT_PROJECT_VERSION = 1;
				DEVELOPMENT_TEAM = S5BF5553KY;
				GENERATE_INFOPLIST_FILE = YES;
				IPHONEOS_DEPLOYMENT_TARGET = 15.2;
				MARKETING_VERSION = 1.0;
				PRODUCT_BUNDLE_IDENTIFIER = com.just1factory.OpenConferenceStyleExampleTests;
				PRODUCT_NAME = "$(TARGET_NAME)";
				SWIFT_EMIT_LOC_STRINGS = NO;
				SWIFT_VERSION = 5.0;
				TARGETED_DEVICE_FAMILY = "1,2";
				TEST_HOST = "$(BUILT_PRODUCTS_DIR)/OpenConferenceStyleExample.app/OpenConferenceStyleExample";
			};
			name = Release;
		};
		DE2098E8279B87EE000272B9 /* Debug */ = {
			isa = XCBuildConfiguration;
			buildSettings = {
				ALWAYS_EMBED_SWIFT_STANDARD_LIBRARIES = YES;
				CODE_SIGN_STYLE = Automatic;
				CURRENT_PROJECT_VERSION = 1;
				DEVELOPMENT_TEAM = S5BF5553KY;
				GENERATE_INFOPLIST_FILE = YES;
				MARKETING_VERSION = 1.0;
				PRODUCT_BUNDLE_IDENTIFIER = com.just1factory.OpenConferenceStyleExampleUITests;
				PRODUCT_NAME = "$(TARGET_NAME)";
				SWIFT_EMIT_LOC_STRINGS = NO;
				SWIFT_VERSION = 5.0;
				TARGETED_DEVICE_FAMILY = "1,2";
				TEST_TARGET_NAME = OpenConferenceStyleExample;
			};
			name = Debug;
		};
		DE2098E9279B87EE000272B9 /* Release */ = {
			isa = XCBuildConfiguration;
			buildSettings = {
				ALWAYS_EMBED_SWIFT_STANDARD_LIBRARIES = YES;
				CODE_SIGN_STYLE = Automatic;
				CURRENT_PROJECT_VERSION = 1;
				DEVELOPMENT_TEAM = S5BF5553KY;
				GENERATE_INFOPLIST_FILE = YES;
				MARKETING_VERSION = 1.0;
				PRODUCT_BUNDLE_IDENTIFIER = com.just1factory.OpenConferenceStyleExampleUITests;
				PRODUCT_NAME = "$(TARGET_NAME)";
				SWIFT_EMIT_LOC_STRINGS = NO;
				SWIFT_VERSION = 5.0;
				TARGETED_DEVICE_FAMILY = "1,2";
				TEST_TARGET_NAME = OpenConferenceStyleExample;
			};
			name = Release;
		};
/* End XCBuildConfiguration section */

/* Begin XCConfigurationList section */
		DE2098B2279B87EA000272B9 /* Build configuration list for PBXProject "OpenConferenceStyleExample" */ = {
			isa = XCConfigurationList;
			buildConfigurations = (
				DE2098DF279B87EE000272B9 /* Debug */,
				DE2098E0279B87EE000272B9 /* Release */,
			);
			defaultConfigurationIsVisible = 0;
			defaultConfigurationName = Release;
		};
		DE2098E1279B87EE000272B9 /* Build configuration list for PBXNativeTarget "OpenConferenceStyleExample" */ = {
			isa = XCConfigurationList;
			buildConfigurations = (
				DE2098E2279B87EE000272B9 /* Debug */,
				DE2098E3279B87EE000272B9 /* Release */,
			);
			defaultConfigurationIsVisible = 0;
			defaultConfigurationName = Release;
		};
		DE2098E4279B87EE000272B9 /* Build configuration list for PBXNativeTarget "OpenConferenceStyleExampleTests" */ = {
			isa = XCConfigurationList;
			buildConfigurations = (
				DE2098E5279B87EE000272B9 /* Debug */,
				DE2098E6279B87EE000272B9 /* Release */,
			);
			defaultConfigurationIsVisible = 0;
			defaultConfigurationName = Release;
		};
		DE2098E7279B87EE000272B9 /* Build configuration list for PBXNativeTarget "OpenConferenceStyleExampleUITests" */ = {
			isa = XCConfigurationList;
			buildConfigurations = (
				DE2098E8279B87EE000272B9 /* Debug */,
				DE2098E9279B87EE000272B9 /* Release */,
			);
			defaultConfigurationIsVisible = 0;
			defaultConfigurationName = Release;
		};
/* End XCConfigurationList section */
	};
	rootObject = DE2098AF279B87EA000272B9 /* Project object */;
}
